// !$*UTF8*$!
{
	archiveVersion = 1;
	classes = {
	};
	objectVersion = 46;
	objects = {

/* Begin PBXBuildFile section */
		63BDEFCF163519FC0004F55F /* UIKit.framework in Frameworks */ = {isa = PBXBuildFile; fileRef = 63BDEFCE163519FC0004F55F /* UIKit.framework */; };
		63BDEFD1163519FC0004F55F /* Foundation.framework in Frameworks */ = {isa = PBXBuildFile; fileRef = 63BDEFD0163519FC0004F55F /* Foundation.framework */; };
		63BDEFD3163519FC0004F55F /* CoreGraphics.framework in Frameworks */ = {isa = PBXBuildFile; fileRef = 63BDEFD2163519FC0004F55F /* CoreGraphics.framework */; };
		63BDEFD9163519FC0004F55F /* InfoPlist.strings in Resources */ = {isa = PBXBuildFile; fileRef = 63BDEFD7163519FC0004F55F /* InfoPlist.strings */; };
		63BDEFDB163519FC0004F55F /* main.m in Sources */ = {isa = PBXBuildFile; fileRef = 63BDEFDA163519FC0004F55F /* main.m */; };
		63BDEFDF163519FC0004F55F /* DCCAppDelegate.m in Sources */ = {isa = PBXBuildFile; fileRef = 63BDEFDE163519FC0004F55F /* DCCAppDelegate.m */; };
		63BDEFE1163519FC0004F55F /* Default.png in Resources */ = {isa = PBXBuildFile; fileRef = 63BDEFE0163519FC0004F55F /* Default.png */; };
		63BDEFE3163519FC0004F55F /* Default@2x.png in Resources */ = {isa = PBXBuildFile; fileRef = 63BDEFE2163519FC0004F55F /* Default@2x.png */; };
		63BDEFE5163519FC0004F55F /* Default-568h@2x.png in Resources */ = {isa = PBXBuildFile; fileRef = 63BDEFE4163519FC0004F55F /* Default-568h@2x.png */; };
/* End PBXBuildFile section */

/* Begin PBXFileReference section */
		63BDEFCA163519FC0004F55F /* DesertCodeCamp.app */ = {isa = PBXFileReference; explicitFileType = wrapper.application; includeInIndex = 0; path = DesertCodeCamp.app; sourceTree = BUILT_PRODUCTS_DIR; };
		63BDEFCE163519FC0004F55F /* UIKit.framework */ = {isa = PBXFileReference; lastKnownFileType = wrapper.framework; name = UIKit.framework; path = System/Library/Frameworks/UIKit.framework; sourceTree = SDKROOT; };
		63BDEFD0163519FC0004F55F /* Foundation.framework */ = {isa = PBXFileReference; lastKnownFileType = wrapper.framework; name = Foundation.framework; path = System/Library/Frameworks/Foundation.framework; sourceTree = SDKROOT; };
		63BDEFD2163519FC0004F55F /* CoreGraphics.framework */ = {isa = PBXFileReference; lastKnownFileType = wrapper.framework; name = CoreGraphics.framework; path = System/Library/Frameworks/CoreGraphics.framework; sourceTree = SDKROOT; };
		63BDEFD6163519FC0004F55F /* DesertCodeCamp-Info.plist */ = {isa = PBXFileReference; lastKnownFileType = text.plist.xml; path = "DesertCodeCamp-Info.plist"; sourceTree = "<group>"; };
		63BDEFD8163519FC0004F55F /* en */ = {isa = PBXFileReference; lastKnownFileType = text.plist.strings; name = en; path = en.lproj/InfoPlist.strings; sourceTree = "<group>"; };
		63BDEFDA163519FC0004F55F /* main.m */ = {isa = PBXFileReference; lastKnownFileType = sourcecode.c.objc; path = main.m; sourceTree = "<group>"; };
		63BDEFDC163519FC0004F55F /* DesertCodeCamp-Prefix.pch */ = {isa = PBXFileReference; lastKnownFileType = sourcecode.c.h; path = "DesertCodeCamp-Prefix.pch"; sourceTree = "<group>"; };
		63BDEFDD163519FC0004F55F /* DCCAppDelegate.h */ = {isa = PBXFileReference; lastKnownFileType = sourcecode.c.h; path = DCCAppDelegate.h; sourceTree = "<group>"; };
		63BDEFDE163519FC0004F55F /* DCCAppDelegate.m */ = {isa = PBXFileReference; lastKnownFileType = sourcecode.c.objc; path = DCCAppDelegate.m; sourceTree = "<group>"; };
		63BDEFE0163519FC0004F55F /* Default.png */ = {isa = PBXFileReference; lastKnownFileType = image.png; path = Default.png; sourceTree = "<group>"; };
		63BDEFE2163519FC0004F55F /* Default@2x.png */ = {isa = PBXFileReference; lastKnownFileType = image.png; path = "Default@2x.png"; sourceTree = "<group>"; };
		63BDEFE4163519FC0004F55F /* Default-568h@2x.png */ = {isa = PBXFileReference; lastKnownFileType = image.png; path = "Default-568h@2x.png"; sourceTree = "<group>"; };
/* End PBXFileReference section */

/* Begin PBXFrameworksBuildPhase section */
		63BDEFC7163519FC0004F55F /* Frameworks */ = {
			isa = PBXFrameworksBuildPhase;
			buildActionMask = 2147483647;
			files = (
				63BDEFCF163519FC0004F55F /* UIKit.framework in Frameworks */,
				63BDEFD1163519FC0004F55F /* Foundation.framework in Frameworks */,
				63BDEFD3163519FC0004F55F /* CoreGraphics.framework in Frameworks */,
			);
			runOnlyForDeploymentPostprocessing = 0;
		};
/* End PBXFrameworksBuildPhase section */

/* Begin PBXGroup section */
		63BDEFBF163519FC0004F55F = {
			isa = PBXGroup;
			children = (
				63BDEFD4163519FC0004F55F /* DesertCodeCamp */,
				63BDEFCD163519FC0004F55F /* Frameworks */,
				63BDEFCB163519FC0004F55F /* Products */,
			);
			sourceTree = "<group>";
		};
		63BDEFCB163519FC0004F55F /* Products */ = {
			isa = PBXGroup;
			children = (
				63BDEFCA163519FC0004F55F /* DesertCodeCamp.app */,
			);
			name = Products;
			sourceTree = "<group>";
		};
		63BDEFCD163519FC0004F55F /* Frameworks */ = {
			isa = PBXGroup;
			children = (
				63BDEFCE163519FC0004F55F /* UIKit.framework */,
				63BDEFD0163519FC0004F55F /* Foundation.framework */,
				63BDEFD2163519FC0004F55F /* CoreGraphics.framework */,
			);
			name = Frameworks;
			sourceTree = "<group>";
		};
		63BDEFD4163519FC0004F55F /* DesertCodeCamp */ = {
			isa = PBXGroup;
			children = (
				63BDEFDD163519FC0004F55F /* DCCAppDelegate.h */,
				63BDEFDE163519FC0004F55F /* DCCAppDelegate.m */,
				63BDEFD5163519FC0004F55F /* Supporting Files */,
			);
			path = DesertCodeCamp;
			sourceTree = "<group>";
		};
		63BDEFD5163519FC0004F55F /* Supporting Files */ = {
			isa = PBXGroup;
			children = (
				63BDEFD6163519FC0004F55F /* DesertCodeCamp-Info.plist */,
				63BDEFD7163519FC0004F55F /* InfoPlist.strings */,
				63BDEFDA163519FC0004F55F /* main.m */,
				63BDEFDC163519FC0004F55F /* DesertCodeCamp-Prefix.pch */,
				63BDEFE0163519FC0004F55F /* Default.png */,
				63BDEFE2163519FC0004F55F /* Default@2x.png */,
				63BDEFE4163519FC0004F55F /* Default-568h@2x.png */,
			);
			name = "Supporting Files";
			sourceTree = "<group>";
		};
/* End PBXGroup section */

/* Begin PBXNativeTarget section */
		63BDEFC9163519FC0004F55F /* DesertCodeCamp */ = {
			isa = PBXNativeTarget;
			buildConfigurationList = 63BDEFE8163519FC0004F55F /* Build configuration list for PBXNativeTarget "DesertCodeCamp" */;
			buildPhases = (
				63BDEFC6163519FC0004F55F /* Sources */,
				63BDEFC7163519FC0004F55F /* Frameworks */,
				63BDEFC8163519FC0004F55F /* Resources */,
			);
			buildRules = (
			);
			dependencies = (
			);
			name = DesertCodeCamp;
			productName = DesertCodeCamp;
			productReference = 63BDEFCA163519FC0004F55F /* DesertCodeCamp.app */;
			productType = "com.apple.product-type.application";
		};
/* End PBXNativeTarget section */

/* Begin PBXProject section */
		63BDEFC1163519FC0004F55F /* Project object */ = {
			isa = PBXProject;
			attributes = {
				CLASSPREFIX = DCC;
				LastUpgradeCheck = 0450;
				ORGANIZATIONNAME = RealSimpleApps;
			};
			buildConfigurationList = 63BDEFC4163519FC0004F55F /* Build configuration list for PBXProject "DesertCodeCamp" */;
			compatibilityVersion = "Xcode 3.2";
			developmentRegion = English;
			hasScannedForEncodings = 0;
			knownRegions = (
				en,
			);
			mainGroup = 63BDEFBF163519FC0004F55F;
			productRefGroup = 63BDEFCB163519FC0004F55F /* Products */;
			projectDirPath = "";
			projectRoot = "";
			targets = (
				63BDEFC9163519FC0004F55F /* DesertCodeCamp */,
			);
		};
/* End PBXProject section */

/* Begin PBXResourcesBuildPhase section */
		63BDEFC8163519FC0004F55F /* Resources */ = {
			isa = PBXResourcesBuildPhase;
			buildActionMask = 2147483647;
			files = (
				63BDEFD9163519FC0004F55F /* InfoPlist.strings in Resources */,
				63BDEFE1163519FC0004F55F /* Default.png in Resources */,
				63BDEFE3163519FC0004F55F /* Default@2x.png in Resources */,
				63BDEFE5163519FC0004F55F /* Default-568h@2x.png in Resources */,
			);
			runOnlyForDeploymentPostprocessing = 0;
		};
/* End PBXResourcesBuildPhase section */

/* Begin PBXSourcesBuildPhase section */
		63BDEFC6163519FC0004F55F /* Sources */ = {
			isa = PBXSourcesBuildPhase;
			buildActionMask = 2147483647;
			files = (
				63BDEFDB163519FC0004F55F /* main.m in Sources */,
				63BDEFDF163519FC0004F55F /* DCCAppDelegate.m in Sources */,
			);
			runOnlyForDeploymentPostprocessing = 0;
		};
/* End PBXSourcesBuildPhase section */

/* Begin PBXVariantGroup section */
		63BDEFD7163519FC0004F55F /* InfoPlist.strings */ = {
			isa = PBXVariantGroup;
			children = (
				63BDEFD8163519FC0004F55F /* en */,
			);
			name = InfoPlist.strings;
			sourceTree = "<group>";
		};
/* End PBXVariantGroup section */

/* Begin XCBuildConfiguration section */
		63BDEFE6163519FC0004F55F /* Debug */ = {
			isa = XCBuildConfiguration;
			buildSettings = {
				ALWAYS_SEARCH_USER_PATHS = NO;
				CLANG_CXX_LANGUAGE_STANDARD = "gnu++0x";
				CLANG_CXX_LIBRARY = "libc++";
				CLANG_ENABLE_OBJC_ARC = YES;
				CLANG_WARN_EMPTY_BODY = YES;
				CLANG_WARN__DUPLICATE_METHOD_MATCH = YES;
				"CODE_SIGN_IDENTITY[sdk=iphoneos*]" = "iPhone Developer";
				COPY_PHASE_STRIP = NO;
				GCC_C_LANGUAGE_STANDARD = gnu99;
				GCC_DYNAMIC_NO_PIC = NO;
				GCC_OPTIMIZATION_LEVEL = 0;
				GCC_PREPROCESSOR_DEFINITIONS = (
					"DEBUG=1",
					"$(inherited)",
				);
				GCC_SYMBOLS_PRIVATE_EXTERN = NO;
				GCC_WARN_ABOUT_RETURN_TYPE = YES;
				GCC_WARN_UNINITIALIZED_AUTOS = YES;
				GCC_WARN_UNUSED_VARIABLE = YES;
				IPHONEOS_DEPLOYMENT_TARGET = 6.0;
				ONLY_ACTIVE_ARCH = YES;
				SDKROOT = iphoneos;
			};
			name = Debug;
		};
		63BDEFE7163519FC0004F55F /* Release */ = {
			isa = XCBuildConfiguration;
			buildSettings = {
				ALWAYS_SEARCH_USER_PATHS = NO;
				CLANG_CXX_LANGUAGE_STANDARD = "gnu++0x";
				CLANG_CXX_LIBRARY = "libc++";
				CLANG_ENABLE_OBJC_ARC = YES;
				CLANG_WARN_EMPTY_BODY = YES;
				CLANG_WARN__DUPLICATE_METHOD_MATCH = YES;
				"CODE_SIGN_IDENTITY[sdk=iphoneos*]" = "iPhone Developer";
				COPY_PHASE_STRIP = YES;
				GCC_C_LANGUAGE_STANDARD = gnu99;
				GCC_WARN_ABOUT_RETURN_TYPE = YES;
				GCC_WARN_UNINITIALIZED_AUTOS = YES;
				GCC_WARN_UNUSED_VARIABLE = YES;
				IPHONEOS_DEPLOYMENT_TARGET = 6.0;
				OTHER_CFLAGS = "-DNS_BLOCK_ASSERTIONS=1";
				SDKROOT = iphoneos;
				VALIDATE_PRODUCT = YES;
			};
			name = Release;
		};
		63BDEFE9163519FC0004F55F /* Debug */ = {
			isa = XCBuildConfiguration;
			buildSettings = {
				GCC_PRECOMPILE_PREFIX_HEADER = YES;
				GCC_PREFIX_HEADER = "DesertCodeCamp/DesertCodeCamp-Prefix.pch";
				INFOPLIST_FILE = "DesertCodeCamp/DesertCodeCamp-Info.plist";
				PRODUCT_NAME = "$(TARGET_NAME)";
				WRAPPER_EXTENSION = app;
			};
			name = Debug;
		};
		63BDEFEA163519FC0004F55F /* Release */ = {
			isa = XCBuildConfiguration;
			buildSettings = {
				GCC_PRECOMPILE_PREFIX_HEADER = YES;
				GCC_PREFIX_HEADER = "DesertCodeCamp/DesertCodeCamp-Prefix.pch";
				INFOPLIST_FILE = "DesertCodeCamp/DesertCodeCamp-Info.plist";
				PRODUCT_NAME = "$(TARGET_NAME)";
				WRAPPER_EXTENSION = app;
			};
			name = Release;
		};
/* End XCBuildConfiguration section */

/* Begin XCConfigurationList section */
		63BDEFC4163519FC0004F55F /* Build configuration list for PBXProject "DesertCodeCamp" */ = {
			isa = XCConfigurationList;
			buildConfigurations = (
				63BDEFE6163519FC0004F55F /* Debug */,
				63BDEFE7163519FC0004F55F /* Release */,
			);
			defaultConfigurationIsVisible = 0;
			defaultConfigurationName = Release;
		};
		63BDEFE8163519FC0004F55F /* Build configuration list for PBXNativeTarget "DesertCodeCamp" */ = {
			isa = XCConfigurationList;
			buildConfigurations = (
				63BDEFE9163519FC0004F55F /* Debug */,
				63BDEFEA163519FC0004F55F /* Release */,
			);
			defaultConfigurationIsVisible = 0;
		};
/* End XCConfigurationList section */
	};
	rootObject = 63BDEFC1163519FC0004F55F /* Project object */;
}
